
Microsoft Visual Studio Solution File, Format Version 12.00
# Visual Studio 2013
VisualStudioVersion = 12.0.30723.0
MinimumVisualStudioVersion = 10.0.40219.1
Project("{FAE04EC0-301F-11D3-BF4B-00C04F79EFBC}") = "TLCar.Domain", "TLCar.Domain\TLCar.Domain.csproj", "{4CC2CC45-FCA9-4A2B-B0DC-7CF914FF2D8F}"
EndProject
Project("{FAE04EC0-301F-11D3-BF4B-00C04F79EFBC}") = "TLCar.Service", "TLCar.Service\TLCar.Service.csproj", "{00CAD8B6-601F-4754-A587-03A87636358B}"
EndProject
Project("{FAE04EC0-301F-11D3-BF4B-00C04F79EFBC}") = "TLCar.Data", "TLCar.Data\TLCar.Data.csproj", "{973B8D30-EAF9-4CB9-96F5-A6105B467885}"
EndProject
Project("{FAE04EC0-301F-11D3-BF4B-00C04F79EFBC}") = "TLCar.Core", "TLCar.Core\TLCar.Core.csproj", "{4EFA2A66-079D-45B4-94D5-7B81D499B175}"
EndProject
Project("{2150E333-8FDC-42A3-9474-1A3956D46DE8}") = "Infrastructure", "Infrastructure", "{2E75CD11-47BE-4092-B648-C673CD38447A}"
EndProject
Project("{FAE04EC0-301F-11D3-BF4B-00C04F79EFBC}") = "TLCar.PO", "TLCar.PO\TLCar.PO.csproj", "{86D463B3-D538-4B7C-A72F-0289B146E080}"
EndProject
Project("{FAE04EC0-301F-11D3-BF4B-00C04F79EFBC}") = "TLCar.DTO", "TLCar.DTO\TLCar.DTO.csproj", "{349D13BD-5DAD-4754-8685-9EAE48E6E09A}"
EndProject
Project("{FAE04EC0-301F-11D3-BF4B-00C04F79EFBC}") = "TLCar.Utility", "TLCar.Utility\TLCar.Utility.csproj", "{8EDEA68C-FCF3-4081-BFC9-F55E1F8605A9}"
EndProject
Project("{FAE04EC0-301F-11D3-BF4B-00C04F79EFBC}") = "IISMonitor", "IISMonitor\IISMonitor.csproj", "{7EA32FD5-12EB-4297-A6BD-9098AED170B6}"
EndProject
Project("{FAE04EC0-301F-11D3-BF4B-00C04F79EFBC}") = "IISMonitor_Web", "IISMonitor_Web\IISMonitor_Web.csproj", "{E2A4BCC0-3BF0-4C3F-9525-4A5AF88EFE4E}"
EndProject
Project("{FAE04EC0-301F-11D3-BF4B-00C04F79EFBC}") = "ConsoleApplication1", "ConsoleApplication1\ConsoleApplication1.csproj", "{73A5B0F3-358F-4282-96CC-68AD98E4A678}"
EndProject
Project("{FAE04EC0-301F-11D3-BF4B-00C04F79EFBC}") = "DatabaseBak", "DatabaseBak\DatabaseBak.csproj", "{B86A5A3B-3C18-41C9-966C-B450FD1B972A}"
EndProject
Project("{FAE04EC0-301F-11D3-BF4B-00C04F79EFBC}") = "ClearOldDatabaseBak", "ClearOldDatabaseBak\ClearOldDatabaseBak.csproj", "{10F12C8F-0F6E-46F7-9ED8-6E8B33B5C71E}"
EndProject
Project("{2150E333-8FDC-42A3-9474-1A3956D46DE8}") = "socket", "socket", "{AEC7540A-F1B8-4039-A7B5-EAE2B60DABEC}"
EndProject
Project("{FAE04EC0-301F-11D3-BF4B-00C04F79EFBC}") = "socketService", "socketService\socketService.csproj", "{F8237C5D-3590-4E95-8B34-DD8D13819E7D}"
EndProject
Project("{FAE04EC0-301F-11D3-BF4B-00C04F79EFBC}") = "socketClient", "socketClient\socketClient.csproj", "{0BC55D44-3147-4B2D-A245-4A996F29EAB1}"
EndProject
Project("{2150E333-8FDC-42A3-9474-1A3956D46DE8}") = "dbBAK", "dbBAK", "{E0D4BC82-BDFF-44C4-9512-6BD77BB05BD5}"
EndProject
Project("{2150E333-8FDC-42A3-9474-1A3956D46DE8}") = "IISManage", "IISManage", "{10B21AD4-1E3E-4806-B9DE-077285BDA954}"
EndProject
Project("{FAE04EC0-301F-11D3-BF4B-00C04F79EFBC}") = "winService", "winService\winService.csproj", "{B73CA5E1-616F-41ED-A4C0-67753C72BFE3}"
EndProject
Project("{FAE04EC0-301F-11D3-BF4B-00C04F79EFBC}") = "winClient", "winClient\winClient.csproj", "{486D5BFA-2EFA-40AF-B690-A742693402D7}"
EndProject
Project("{2150E333-8FDC-42A3-9474-1A3956D46DE8}") = "single", "single", "{4B444A0B-BF97-4364-82D1-A908B7E4FC3C}"
EndProject
Project("{FAE04EC0-301F-11D3-BF4B-00C04F79EFBC}") = "Service", "Service\Service.csproj", "{FE54D0C7-7CF5-49A7-BF1E-F486C1E98CFF}"
EndProject
Project("{FAE04EC0-301F-11D3-BF4B-00C04F79EFBC}") = "client", "client\client.csproj", "{6546B367-20E1-4EE0-84EB-783191072289}"
EndProject
Project("{2150E333-8FDC-42A3-9474-1A3956D46DE8}") = "Wechat", "Wechat", "{056E32A5-681B-4CE9-ABC0-73E41D936C66}"
EndProject
Project("{FAE04EC0-301F-11D3-BF4B-00C04F79EFBC}") = "wechatProject", "wechatProject\wechatProject.csproj", "{35BCCEC9-0B51-4168-9A23-E6258FCADF6E}"
EndProject
Project("{FAE04EC0-301F-11D3-BF4B-00C04F79EFBC}") = "WebApplication1", "WebApplication1\WebApplication1.csproj", "{478FFEB2-13AA-4D98-B876-56E4F877A3C4}"
EndProject
Project("{2150E333-8FDC-42A3-9474-1A3956D46DE8}") = "MyService", "MyService", "{D8904B89-EE63-4A4A-8DC7-50782FCD2E67}"
EndProject
Project("{FAE04EC0-301F-11D3-BF4B-00C04F79EFBC}") = "MyWindowsService", "MyWindowsService\MyWindowsService.csproj", "{B1D6D5F1-4071-4B3C-A2B8-CF3BBC9B1188}"
EndProject
Project("{2150E333-8FDC-42A3-9474-1A3956D46DE8}") = "Console", "Console", "{F9BBF1A6-0210-47C7-B472-55B3B6117FA3}"
EndProject
Project("{FAE04EC0-301F-11D3-BF4B-00C04F79EFBC}") = "ConsoleApplication2", "ConsoleApplication2\ConsoleApplication2.csproj", "{645499B5-5BB4-4E45-96FF-9D2C08EB247A}"
EndProject
Project("{FAE04EC0-301F-11D3-BF4B-00C04F79EFBC}") = "ConsoleApplication_translate", "ConsoleApplication_translate\ConsoleApplication_translate.csproj", "{8E7EDA0A-2FE3-4E7B-84D9-36DCDEAA1952}"
EndProject
Project("{FAE04EC0-301F-11D3-BF4B-00C04F79EFBC}") = "WebApplication2", "WebApplication2\WebApplication2.csproj", "{2B494B57-D2FA-42B6-8CEE-5421CF0905C7}"
EndProject
Project("{FAE04EC0-301F-11D3-BF4B-00C04F79EFBC}") = "ConsoleApplication_Decorator", "ConsoleApplication_Decorator\ConsoleApplication_Decorator.csproj", "{CA5BF25E-9464-428B-A523-A43FDD4C2872}"
EndProject
Global
	GlobalSection(SolutionConfigurationPlatforms) = preSolution
		Debug|Any CPU = Debug|Any CPU
		Release|Any CPU = Release|Any CPU
	EndGlobalSection
	GlobalSection(ProjectConfigurationPlatforms) = postSolution
		{4CC2CC45-FCA9-4A2B-B0DC-7CF914FF2D8F}.Debug|Any CPU.ActiveCfg = Debug|Any CPU
		{4CC2CC45-FCA9-4A2B-B0DC-7CF914FF2D8F}.Debug|Any CPU.Build.0 = Debug|Any CPU
		{4CC2CC45-FCA9-4A2B-B0DC-7CF914FF2D8F}.Release|Any CPU.ActiveCfg = Release|Any CPU
		{4CC2CC45-FCA9-4A2B-B0DC-7CF914FF2D8F}.Release|Any CPU.Build.0 = Release|Any CPU
		{00CAD8B6-601F-4754-A587-03A87636358B}.Debug|Any CPU.ActiveCfg = Debug|Any CPU
		{00CAD8B6-601F-4754-A587-03A87636358B}.Debug|Any CPU.Build.0 = Debug|Any CPU
		{00CAD8B6-601F-4754-A587-03A87636358B}.Release|Any CPU.ActiveCfg = Release|Any CPU
		{00CAD8B6-601F-4754-A587-03A87636358B}.Release|Any CPU.Build.0 = Release|Any CPU
		{973B8D30-EAF9-4CB9-96F5-A6105B467885}.Debug|Any CPU.ActiveCfg = Debug|Any CPU
		{973B8D30-EAF9-4CB9-96F5-A6105B467885}.Debug|Any CPU.Build.0 = Debug|Any CPU
		{973B8D30-EAF9-4CB9-96F5-A6105B467885}.Release|Any CPU.ActiveCfg = Release|Any CPU
		{973B8D30-EAF9-4CB9-96F5-A6105B467885}.Release|Any CPU.Build.0 = Release|Any CPU
		{4EFA2A66-079D-45B4-94D5-7B81D499B175}.Debug|Any CPU.ActiveCfg = Debug|Any CPU
		{4EFA2A66-079D-45B4-94D5-7B81D499B175}.Debug|Any CPU.Build.0 = Debug|Any CPU
		{4EFA2A66-079D-45B4-94D5-7B81D499B175}.Release|Any CPU.ActiveCfg = Release|Any CPU
		{4EFA2A66-079D-45B4-94D5-7B81D499B175}.Release|Any CPU.Build.0 = Release|Any CPU
		{86D463B3-D538-4B7C-A72F-0289B146E080}.Debug|Any CPU.ActiveCfg = Debug|Any CPU
		{86D463B3-D538-4B7C-A72F-0289B146E080}.Debug|Any CPU.Build.0 = Debug|Any CPU
		{86D463B3-D538-4B7C-A72F-0289B146E080}.Release|Any CPU.ActiveCfg = Release|Any CPU
		{86D463B3-D538-4B7C-A72F-0289B146E080}.Release|Any CPU.Build.0 = Release|Any CPU
		{349D13BD-5DAD-4754-8685-9EAE48E6E09A}.Debug|Any CPU.ActiveCfg = Debug|Any CPU
		{349D13BD-5DAD-4754-8685-9EAE48E6E09A}.Debug|Any CPU.Build.0 = Debug|Any CPU
		{349D13BD-5DAD-4754-8685-9EAE48E6E09A}.Release|Any CPU.ActiveCfg = Release|Any CPU
		{349D13BD-5DAD-4754-8685-9EAE48E6E09A}.Release|Any CPU.Build.0 = Release|Any CPU
		{8EDEA68C-FCF3-4081-BFC9-F55E1F8605A9}.Debug|Any CPU.ActiveCfg = Debug|Any CPU
		{8EDEA68C-FCF3-4081-BFC9-F55E1F8605A9}.Debug|Any CPU.Build.0 = Debug|Any CPU
		{8EDEA68C-FCF3-4081-BFC9-F55E1F8605A9}.Release|Any CPU.ActiveCfg = Release|Any CPU
		{8EDEA68C-FCF3-4081-BFC9-F55E1F8605A9}.Release|Any CPU.Build.0 = Release|Any CPU
		{7EA32FD5-12EB-4297-A6BD-9098AED170B6}.Debug|Any CPU.ActiveCfg = Debug|Any CPU
		{7EA32FD5-12EB-4297-A6BD-9098AED170B6}.Debug|Any CPU.Build.0 = Debug|Any CPU
		{7EA32FD5-12EB-4297-A6BD-9098AED170B6}.Release|Any CPU.ActiveCfg = Release|Any CPU
		{7EA32FD5-12EB-4297-A6BD-9098AED170B6}.Release|Any CPU.Build.0 = Release|Any CPU
		{E2A4BCC0-3BF0-4C3F-9525-4A5AF88EFE4E}.Debug|Any CPU.ActiveCfg = Debug|Any CPU
		{E2A4BCC0-3BF0-4C3F-9525-4A5AF88EFE4E}.Debug|Any CPU.Build.0 = Debug|Any CPU
		{E2A4BCC0-3BF0-4C3F-9525-4A5AF88EFE4E}.Release|Any CPU.ActiveCfg = Release|Any CPU
		{E2A4BCC0-3BF0-4C3F-9525-4A5AF88EFE4E}.Release|Any CPU.Build.0 = Release|Any CPU
		{73A5B0F3-358F-4282-96CC-68AD98E4A678}.Debug|Any CPU.ActiveCfg = Debug|Any CPU
		{73A5B0F3-358F-4282-96CC-68AD98E4A678}.Debug|Any CPU.Build.0 = Debug|Any CPU
		{73A5B0F3-358F-4282-96CC-68AD98E4A678}.Release|Any CPU.ActiveCfg = Release|Any CPU
		{73A5B0F3-358F-4282-96CC-68AD98E4A678}.Release|Any CPU.Build.0 = Release|Any CPU
		{B86A5A3B-3C18-41C9-966C-B450FD1B972A}.Debug|Any CPU.ActiveCfg = Debug|Any CPU
		{B86A5A3B-3C18-41C9-966C-B450FD1B972A}.Debug|Any CPU.Build.0 = Debug|Any CPU
		{B86A5A3B-3C18-41C9-966C-B450FD1B972A}.Release|Any CPU.ActiveCfg = Release|Any CPU
		{B86A5A3B-3C18-41C9-966C-B450FD1B972A}.Release|Any CPU.Build.0 = Release|Any CPU
		{10F12C8F-0F6E-46F7-9ED8-6E8B33B5C71E}.Debug|Any CPU.ActiveCfg = Debug|Any CPU
		{10F12C8F-0F6E-46F7-9ED8-6E8B33B5C71E}.Debug|Any CPU.Build.0 = Debug|Any CPU
		{10F12C8F-0F6E-46F7-9ED8-6E8B33B5C71E}.Release|Any CPU.ActiveCfg = Release|Any CPU
		{10F12C8F-0F6E-46F7-9ED8-6E8B33B5C71E}.Release|Any CPU.Build.0 = Release|Any CPU
		{F8237C5D-3590-4E95-8B34-DD8D13819E7D}.Debug|Any CPU.ActiveCfg = Debug|Any CPU
		{F8237C5D-3590-4E95-8B34-DD8D13819E7D}.Debug|Any CPU.Build.0 = Debug|Any CPU
		{F8237C5D-3590-4E95-8B34-DD8D13819E7D}.Release|Any CPU.ActiveCfg = Release|Any CPU
		{F8237C5D-3590-4E95-8B34-DD8D13819E7D}.Release|Any CPU.Build.0 = Release|Any CPU
		{0BC55D44-3147-4B2D-A245-4A996F29EAB1}.Debug|Any CPU.ActiveCfg = Debug|Any CPU
		{0BC55D44-3147-4B2D-A245-4A996F29EAB1}.Debug|Any CPU.Build.0 = Debug|Any CPU
		{0BC55D44-3147-4B2D-A245-4A996F29EAB1}.Release|Any CPU.ActiveCfg = Release|Any CPU
		{0BC55D44-3147-4B2D-A245-4A996F29EAB1}.Release|Any CPU.Build.0 = Release|Any CPU
		{B73CA5E1-616F-41ED-A4C0-67753C72BFE3}.Debug|Any CPU.ActiveCfg = Debug|Any CPU
		{B73CA5E1-616F-41ED-A4C0-67753C72BFE3}.Debug|Any CPU.Build.0 = Debug|Any CPU
		{B73CA5E1-616F-41ED-A4C0-67753C72BFE3}.Release|Any CPU.ActiveCfg = Release|Any CPU
		{B73CA5E1-616F-41ED-A4C0-67753C72BFE3}.Release|Any CPU.Build.0 = Release|Any CPU
		{486D5BFA-2EFA-40AF-B690-A742693402D7}.Debug|Any CPU.ActiveCfg = Debug|Any CPU
		{486D5BFA-2EFA-40AF-B690-A742693402D7}.Debug|Any CPU.Build.0 = Debug|Any CPU
		{486D5BFA-2EFA-40AF-B690-A742693402D7}.Release|Any CPU.ActiveCfg = Release|Any CPU
		{486D5BFA-2EFA-40AF-B690-A742693402D7}.Release|Any CPU.Build.0 = Release|Any CPU
		{FE54D0C7-7CF5-49A7-BF1E-F486C1E98CFF}.Debug|Any CPU.ActiveCfg = Debug|Any CPU
		{FE54D0C7-7CF5-49A7-BF1E-F486C1E98CFF}.Debug|Any CPU.Build.0 = Debug|Any CPU
		{FE54D0C7-7CF5-49A7-BF1E-F486C1E98CFF}.Release|Any CPU.ActiveCfg = Release|Any CPU
		{FE54D0C7-7CF5-49A7-BF1E-F486C1E98CFF}.Release|Any CPU.Build.0 = Release|Any CPU
		{6546B367-20E1-4EE0-84EB-783191072289}.Debug|Any CPU.ActiveCfg = Debug|Any CPU
		{6546B367-20E1-4EE0-84EB-783191072289}.Debug|Any CPU.Build.0 = Debug|Any CPU
		{6546B367-20E1-4EE0-84EB-783191072289}.Release|Any CPU.ActiveCfg = Release|Any CPU
		{6546B367-20E1-4EE0-84EB-783191072289}.Release|Any CPU.Build.0 = Release|Any CPU
		{35BCCEC9-0B51-4168-9A23-E6258FCADF6E}.Debug|Any CPU.ActiveCfg = Debug|Any CPU
		{35BCCEC9-0B51-4168-9A23-E6258FCADF6E}.Debug|Any CPU.Build.0 = Debug|Any CPU
		{35BCCEC9-0B51-4168-9A23-E6258FCADF6E}.Release|Any CPU.ActiveCfg = Release|Any CPU
		{35BCCEC9-0B51-4168-9A23-E6258FCADF6E}.Release|Any CPU.Build.0 = Release|Any CPU
		{478FFEB2-13AA-4D98-B876-56E4F877A3C4}.Debug|Any CPU.ActiveCfg = Debug|Any CPU
		{478FFEB2-13AA-4D98-B876-56E4F877A3C4}.Debug|Any CPU.Build.0 = Debug|Any CPU
		{478FFEB2-13AA-4D98-B876-56E4F877A3C4}.Release|Any CPU.ActiveCfg = Release|Any CPU
		{478FFEB2-13AA-4D98-B876-56E4F877A3C4}.Release|Any CPU.Build.0 = Release|Any CPU
		{B1D6D5F1-4071-4B3C-A2B8-CF3BBC9B1188}.Debug|Any CPU.ActiveCfg = Debug|Any CPU
		{B1D6D5F1-4071-4B3C-A2B8-CF3BBC9B1188}.Debug|Any CPU.Build.0 = Debug|Any CPU
		{B1D6D5F1-4071-4B3C-A2B8-CF3BBC9B1188}.Release|Any CPU.ActiveCfg = Release|Any CPU
		{B1D6D5F1-4071-4B3C-A2B8-CF3BBC9B1188}.Release|Any CPU.Build.0 = Release|Any CPU
		{645499B5-5BB4-4E45-96FF-9D2C08EB247A}.Debug|Any CPU.ActiveCfg = Debug|Any CPU
		{645499B5-5BB4-4E45-96FF-9D2C08EB247A}.Debug|Any CPU.Build.0 = Debug|Any CPU
		{645499B5-5BB4-4E45-96FF-9D2C08EB247A}.Release|Any CPU.ActiveCfg = Release|Any CPU
		{645499B5-5BB4-4E45-96FF-9D2C08EB247A}.Release|Any CPU.Build.0 = Release|Any CPU
		{8E7EDA0A-2FE3-4E7B-84D9-36DCDEAA1952}.Debug|Any CPU.ActiveCfg = Debug|Any CPU
		{8E7EDA0A-2FE3-4E7B-84D9-36DCDEAA1952}.Debug|Any CPU.Build.0 = Debug|Any CPU
		{8E7EDA0A-2FE3-4E7B-84D9-36DCDEAA1952}.Release|Any CPU.ActiveCfg = Release|Any CPU
		{8E7EDA0A-2FE3-4E7B-84D9-36DCDEAA1952}.Release|Any CPU.Build.0 = Release|Any CPU
		{2B494B57-D2FA-42B6-8CEE-5421CF0905C7}.Debug|Any CPU.ActiveCfg = Debug|Any CPU
		{2B494B57-D2FA-42B6-8CEE-5421CF0905C7}.Debug|Any CPU.Build.0 = Debug|Any CPU
		{2B494B57-D2FA-42B6-8CEE-5421CF0905C7}.Release|Any CPU.ActiveCfg = Release|Any CPU
		{2B494B57-D2FA-42B6-8CEE-5421CF0905C7}.Release|Any CPU.Build.0 = Release|Any CPU
		{CA5BF25E-9464-428B-A523-A43FDD4C2872}.Debug|Any CPU.ActiveCfg = Debug|Any CPU
		{CA5BF25E-9464-428B-A523-A43FDD4C2872}.Debug|Any CPU.Build.0 = Debug|Any CPU
		{CA5BF25E-9464-428B-A523-A43FDD4C2872}.Release|Any CPU.ActiveCfg = Release|Any CPU
		{CA5BF25E-9464-428B-A523-A43FDD4C2872}.Release|Any CPU.Build.0 = Release|Any CPU
	EndGlobalSection
	GlobalSection(SolutionProperties) = preSolution
		HideSolutionNode = FALSE
	EndGlobalSection
	GlobalSection(NestedProjects) = preSolution
		{973B8D30-EAF9-4CB9-96F5-A6105B467885} = {2E75CD11-47BE-4092-B648-C673CD38447A}
		{4EFA2A66-079D-45B4-94D5-7B81D499B175} = {2E75CD11-47BE-4092-B648-C673CD38447A}
		{8EDEA68C-FCF3-4081-BFC9-F55E1F8605A9} = {2E75CD11-47BE-4092-B648-C673CD38447A}
		{7EA32FD5-12EB-4297-A6BD-9098AED170B6} = {10B21AD4-1E3E-4806-B9DE-077285BDA954}
		{E2A4BCC0-3BF0-4C3F-9525-4A5AF88EFE4E} = {10B21AD4-1E3E-4806-B9DE-077285BDA954}
		{B86A5A3B-3C18-41C9-966C-B450FD1B972A} = {E0D4BC82-BDFF-44C4-9512-6BD77BB05BD5}
		{10F12C8F-0F6E-46F7-9ED8-6E8B33B5C71E} = {E0D4BC82-BDFF-44C4-9512-6BD77BB05BD5}
		{F8237C5D-3590-4E95-8B34-DD8D13819E7D} = {AEC7540A-F1B8-4039-A7B5-EAE2B60DABEC}
		{0BC55D44-3147-4B2D-A245-4A996F29EAB1} = {AEC7540A-F1B8-4039-A7B5-EAE2B60DABEC}
		{B73CA5E1-616F-41ED-A4C0-67753C72BFE3} = {AEC7540A-F1B8-4039-A7B5-EAE2B60DABEC}
		{486D5BFA-2EFA-40AF-B690-A742693402D7} = {AEC7540A-F1B8-4039-A7B5-EAE2B60DABEC}
		{4B444A0B-BF97-4364-82D1-A908B7E4FC3C} = {AEC7540A-F1B8-4039-A7B5-EAE2B60DABEC}
		{FE54D0C7-7CF5-49A7-BF1E-F486C1E98CFF} = {4B444A0B-BF97-4364-82D1-A908B7E4FC3C}
		{6546B367-20E1-4EE0-84EB-783191072289} = {4B444A0B-BF97-4364-82D1-A908B7E4FC3C}
		{35BCCEC9-0B51-4168-9A23-E6258FCADF6E} = {056E32A5-681B-4CE9-ABC0-73E41D936C66}
		{478FFEB2-13AA-4D98-B876-56E4F877A3C4} = {056E32A5-681B-4CE9-ABC0-73E41D936C66}
		{B1D6D5F1-4071-4B3C-A2B8-CF3BBC9B1188} = {D8904B89-EE63-4A4A-8DC7-50782FCD2E67}
		{645499B5-5BB4-4E45-96FF-9D2C08EB247A} = {F9BBF1A6-0210-47C7-B472-55B3B6117FA3}
		{8E7EDA0A-2FE3-4E7B-84D9-36DCDEAA1952} = {F9BBF1A6-0210-47C7-B472-55B3B6117FA3}
		{CA5BF25E-9464-428B-A523-A43FDD4C2872} = {F9BBF1A6-0210-47C7-B472-55B3B6117FA3}
	EndGlobalSection
EndGlobal
